{
	"name": "cf-r2-clearer",
	"version": "0.1.0",
	"lockfileVersion": 2,
	"requires": true,
	"packages": {
		"": {
			"name": "cf-r2-clearer",
			"version": "0.1.0",
			"license": "MIT",
			"dependencies": {
				"aws4fetch": "^1.0.17",
				"dotenv": "^16.0.2"
			},
			"devDependencies": {
				"@types/dotenv": "^8.2.0",
				"@types/node": "^18.11.7",
				"typescript": "^4.8.3"
			}
		},
		"node_modules/@types/dotenv": {
			"version": "8.2.0",
			"resolved": "https://registry.npmjs.org/@types/dotenv/-/dotenv-8.2.0.tgz",
			"integrity": "sha512-ylSC9GhfRH7m1EUXBXofhgx4lUWmFeQDINW5oLuS+gxWdfUeW4zJdeVTYVkexEW+e2VUvlZR2kGnGGipAWR7kw==",
			"deprecated": "This is a stub types definition. dotenv provides its own type definitions, so you do not need this installed.",
			"dev": true,
			"dependencies": {
				"dotenv": "*"
			}
		},
		"node_modules/@types/node": {
			"version": "18.11.7",
			"resolved": "https://registry.npmjs.org/@types/node/-/node-18.11.7.tgz",
			"integrity": "sha512-LhFTglglr63mNXUSRYD8A+ZAIu5sFqNJ4Y2fPuY7UlrySJH87rRRlhtVmMHplmfk5WkoJGmDjE9oiTfyX94CpQ==",
			"dev": true
		},
		"node_modules/aws4fetch": {
			"version": "1.0.17",
			"resolved": "https://registry.npmjs.org/aws4fetch/-/aws4fetch-1.0.17.tgz",
			"integrity": "sha512-4IbOvsxqxeOSxI4oA+8xEO8SzBMVlzbSTgGy/EF83rHnQ/aKtP6Sc6YV/k0oiW0mqrcxuThlbDosnvetGOuO+g=="
		},
		"node_modules/dotenv": {
			"version": "16.0.3",
			"resolved": "https://registry.npmjs.org/dotenv/-/dotenv-16.0.3.tgz",
			"integrity": "sha512-7GO6HghkA5fYG9TYnNxi14/7K9f5occMlp3zXAuSxn7CKCxt9xbNWG7yF8hTCSUchlfWSe3uLmlPfigevRItzQ==",
			"engines": {
				"node": ">=12"
			}
		},
		"node_modules/typescript": {
			"version": "4.8.4",
			"resolved": "https://registry.npmjs.org/typescript/-/typescript-4.8.4.tgz",
			"integrity": "sha512-QCh+85mCy+h0IGff8r5XWzOVSbBO+KfeYrMQh7NJ58QujwcE22u+NUSmUxqF+un70P9GXKxa2HCNiTTMJknyjQ==",
			"dev": true,
			"bin": {
				"tsc": "bin/tsc",
				"tsserver": "bin/tsserver"
			},
			"engines": {
				"node": ">=4.2.0"
			}
		}
	},
	"dependencies": {
		"@types/dotenv": {
			"version": "8.2.0",
			"resolved": "https://registry.npmjs.org/@types/dotenv/-/dotenv-8.2.0.tgz",
			"integrity": "sha512-ylSC9GhfRH7m1EUXBXofhgx4lUWmFeQDINW5oLuS+gxWdfUeW4zJdeVTYVkexEW+e2VUvlZR2kGnGGipAWR7kw==",
			"dev": true,
			"requires": {
				"dotenv": "*"
			}
		},
		"@types/node": {
			"version": "18.11.7",
			"resolved": "https://registry.npmjs.org/@types/node/-/node-18.11.7.tgz",
			"integrity": "sha512-LhFTglglr63mNXUSRYD8A+ZAIu5sFqNJ4Y2fPuY7UlrySJH87rRRlhtVmMHplmfk5WkoJGmDjE9oiTfyX94CpQ==",
			"dev": true
		},
		"aws4fetch": {
			"version": "1.0.17",
			"resolved": "https://registry.npmjs.org/aws4fetch/-/aws4fetch-1.0.17.tgz",
			"integrity": "sha512-4IbOvsxqxeOSxI4oA+8xEO8SzBMVlzbSTgGy/EF83rHnQ/aKtP6Sc6YV/k0oiW0mqrcxuThlbDosnvetGOuO+g=="
		},
		"dotenv": {
			"version": "16.0.3",
			"resolved": "https://registry.npmjs.org/dotenv/-/dotenv-16.0.3.tgz",
			"integrity": "sha512-7GO6HghkA5fYG9TYnNxi14/7K9f5occMlp3zXAuSxn7CKCxt9xbNWG7yF8hTCSUchlfWSe3uLmlPfigevRItzQ=="
		},
		"typescript": {
			"version": "4.8.4",
			"resolved": "https://registry.npmjs.org/typescript/-/typescript-4.8.4.tgz",
			"integrity": "sha512-QCh+85mCy+h0IGff8r5XWzOVSbBO+KfeYrMQh7NJ58QujwcE22u+NUSmUxqF+un70P9GXKxa2HCNiTTMJknyjQ==",
			"dev": true
		}
	}
}
